// !$*UTF8*$!
{
	archiveVersion = 1;
	classes = {
	};
	objectVersion = 50;
	objects = {

/* Begin PBXBuildFile section */
		03624F8F3CFBB42A2BC339ED /* Pods_FlawlessTests.framework in Frameworks */ = {isa = PBXBuildFile; fileRef = 63727D62FAC9D72A645A3B99 /* Pods_FlawlessTests.framework */; };
		7B279192247A0DEC0038286E /* tabBarViewController.swift in Sources */ = {isa = PBXBuildFile; fileRef = 7B279191247A0DEC0038286E /* tabBarViewController.swift */; };
		7B3483A52219CB2F004093DB /* UsedActivity.swift in Sources */ = {isa = PBXBuildFile; fileRef = 7B3483A42219CB2F004093DB /* UsedActivity.swift */; };
		7B45EF8B22D1527400A661F5 /* RatingControl.swift in Sources */ = {isa = PBXBuildFile; fileRef = 7B45EF8A22D1527400A661F5 /* RatingControl.swift */; };
		7B45EF8D22D23B9500A661F5 /* Rating.swift in Sources */ = {isa = PBXBuildFile; fileRef = 7B45EF8C22D23B9500A661F5 /* Rating.swift */; };
		7B723B5221F00D95008605FB /* ProductTableViewCell.swift in Sources */ = {isa = PBXBuildFile; fileRef = 7B723B5121F00D95008605FB /* ProductTableViewCell.swift */; };
		7B9050B02243C210000F2FF5 /* GettingStartedViewController.swift in Sources */ = {isa = PBXBuildFile; fileRef = 7B9050AF2243C210000F2FF5 /* GettingStartedViewController.swift */; };
		7BA0191C21ECB4510078E61B /* newProductViewController.swift in Sources */ = {isa = PBXBuildFile; fileRef = 7BA0191B21ECB4510078E61B /* newProductViewController.swift */; };
		7BD24D3121F207E500F2CBCE /* ProductTableViewController.swift in Sources */ = {isa = PBXBuildFile; fileRef = 7BD24D3021F207E500F2CBCE /* ProductTableViewController.swift */; };
		7BF2678422C97FA900F92263 /* HomeTableViewCell.swift in Sources */ = {isa = PBXBuildFile; fileRef = 7BF2678322C97FA900F92263 /* HomeTableViewCell.swift */; };
		870F034ECB23EA290F5944E1 /* Pods_Flawless.framework in Frameworks */ = {isa = PBXBuildFile; fileRef = BE9D30E682FB220A11A2676A /* Pods_Flawless.framework */; };
		910F3091EFA3C21E92AF9213 /* Pods_FlawlessUITests.framework in Frameworks */ = {isa = PBXBuildFile; fileRef = EE1BD2CA724382144BEE144C /* Pods_FlawlessUITests.framework */; };
		953958EF20C469BE00DD069A /* FSCalendar+Deprecated.m in Sources */ = {isa = PBXBuildFile; fileRef = 953958CE20C469BE00DD069A /* FSCalendar+Deprecated.m */; };
		953958F020C469BE00DD069A /* FSCalendar.m in Sources */ = {isa = PBXBuildFile; fileRef = 953958D020C469BE00DD069A /* FSCalendar.m */; };
		953958F120C469BE00DD069A /* FSCalendarAppearance.m in Sources */ = {isa = PBXBuildFile; fileRef = 953958D220C469BE00DD069A /* FSCalendarAppearance.m */; };
		953958F220C469BE00DD069A /* FSCalendarCalculator.m in Sources */ = {isa = PBXBuildFile; fileRef = 953958D420C469BE00DD069A /* FSCalendarCalculator.m */; };
		953958F320C469BE00DD069A /* FSCalendarCell.m in Sources */ = {isa = PBXBuildFile; fileRef = 953958D620C469BE00DD069A /* FSCalendarCell.m */; };
		953958F420C469BE00DD069A /* FSCalendarCollectionView.m in Sources */ = {isa = PBXBuildFile; fileRef = 953958D820C469BE00DD069A /* FSCalendarCollectionView.m */; };
		953958F520C469BE00DD069A /* FSCalendarCollectionViewLayout.m in Sources */ = {isa = PBXBuildFile; fileRef = 953958DA20C469BE00DD069A /* FSCalendarCollectionViewLayout.m */; };
		953958F620C469BE00DD069A /* FSCalendarConstants.m in Sources */ = {isa = PBXBuildFile; fileRef = 953958DC20C469BE00DD069A /* FSCalendarConstants.m */; };
		953958F720C469BE00DD069A /* FSCalendarDelegationFactory.m in Sources */ = {isa = PBXBuildFile; fileRef = 953958DE20C469BE00DD069A /* FSCalendarDelegationFactory.m */; };
		953958F820C469BE00DD069A /* FSCalendarDelegationProxy.m in Sources */ = {isa = PBXBuildFile; fileRef = 953958E020C469BE00DD069A /* FSCalendarDelegationProxy.m */; };
		953958F920C469BE00DD069A /* FSCalendarExtensions.m in Sources */ = {isa = PBXBuildFile; fileRef = 953958E320C469BE00DD069A /* FSCalendarExtensions.m */; };
		953958FA20C469BE00DD069A /* FSCalendarHeaderView.m in Sources */ = {isa = PBXBuildFile; fileRef = 953958E520C469BE00DD069A /* FSCalendarHeaderView.m */; };
		953958FB20C469BE00DD069A /* FSCalendarScopeHandle.m in Sources */ = {isa = PBXBuildFile; fileRef = 953958E720C469BE00DD069A /* FSCalendarScopeHandle.m */; };
		953958FC20C469BE00DD069A /* FSCalendarStickyHeader.m in Sources */ = {isa = PBXBuildFile; fileRef = 953958E920C469BE00DD069A /* FSCalendarStickyHeader.m */; };
		953958FD20C469BE00DD069A /* FSCalendarTransitionCoordinator.m in Sources */ = {isa = PBXBuildFile; fileRef = 953958EB20C469BE00DD069A /* FSCalendarTransitionCoordinator.m */; };
		953958FE20C469BE00DD069A /* FSCalendarWeekdayView.m in Sources */ = {isa = PBXBuildFile; fileRef = 953958ED20C469BE00DD069A /* FSCalendarWeekdayView.m */; };
		954D191F20C448650051AE9A /* splashViewController.swift in Sources */ = {isa = PBXBuildFile; fileRef = 954D191E20C448650051AE9A /* splashViewController.swift */; };
		954D192120C45DA10051AE9A /* statsViewController.swift in Sources */ = {isa = PBXBuildFile; fileRef = 954D192020C45DA10051AE9A /* statsViewController.swift */; };
		959D89A520B393B300E17F2E /* AppDelegate.swift in Sources */ = {isa = PBXBuildFile; fileRef = 959D89A420B393B300E17F2E /* AppDelegate.swift */; };
		959D89A720B393B300E17F2E /* homeViewController.swift in Sources */ = {isa = PBXBuildFile; fileRef = 959D89A620B393B300E17F2E /* homeViewController.swift */; };
		959D89AA20B393B300E17F2E /* Main.storyboard in Resources */ = {isa = PBXBuildFile; fileRef = 959D89A820B393B300E17F2E /* Main.storyboard */; };
		959D89AD20B393B300E17F2E /* thebeautyapp.xcdatamodeld in Sources */ = {isa = PBXBuildFile; fileRef = 959D89AB20B393B300E17F2E /* thebeautyapp.xcdatamodeld */; };
		959D89AF20B393B400E17F2E /* Assets.xcassets in Resources */ = {isa = PBXBuildFile; fileRef = 959D89AE20B393B400E17F2E /* Assets.xcassets */; };
		959D89BD20B393B500E17F2E /* thebeautyappTests.swift in Sources */ = {isa = PBXBuildFile; fileRef = 959D89BC20B393B500E17F2E /* thebeautyappTests.swift */; };
		959D89C820B393B500E17F2E /* thebeautyappUITests.swift in Sources */ = {isa = PBXBuildFile; fileRef = 959D89C720B393B500E17F2E /* thebeautyappUITests.swift */; };
		D755BF1720E0040C00FD77F1 /* product.swift in Sources */ = {isa = PBXBuildFile; fileRef = D755BF1620E0040C00FD77F1 /* product.swift */; };
/* End PBXBuildFile section */

/* Begin PBXContainerItemProxy section */
		959D89B920B393B500E17F2E /* PBXContainerItemProxy */ = {
			isa = PBXContainerItemProxy;
			containerPortal = 959D899920B393B300E17F2E /* Project object */;
			proxyType = 1;
			remoteGlobalIDString = 959D89A020B393B300E17F2E;
			remoteInfo = thebeautyapp;
		};
		959D89C420B393B500E17F2E /* PBXContainerItemProxy */ = {
			isa = PBXContainerItemProxy;
			containerPortal = 959D899920B393B300E17F2E /* Project object */;
			proxyType = 1;
			remoteGlobalIDString = 959D89A020B393B300E17F2E;
			remoteInfo = thebeautyapp;
		};
/* End PBXContainerItemProxy section */

/* Begin PBXFileReference section */
		302E9339782EAE2D916B49D3 /* Pods-FlawlessTests.release.xcconfig */ = {isa = PBXFileReference; includeInIndex = 1; lastKnownFileType = text.xcconfig; name = "Pods-FlawlessTests.release.xcconfig"; path = "Target Support Files/Pods-FlawlessTests/Pods-FlawlessTests.release.xcconfig"; sourceTree = "<group>"; };
		63727D62FAC9D72A645A3B99 /* Pods_FlawlessTests.framework */ = {isa = PBXFileReference; explicitFileType = wrapper.framework; includeInIndex = 0; path = Pods_FlawlessTests.framework; sourceTree = BUILT_PRODUCTS_DIR; };
		7B279191247A0DEC0038286E /* tabBarViewController.swift */ = {isa = PBXFileReference; lastKnownFileType = sourcecode.swift; path = tabBarViewController.swift; sourceTree = "<group>"; };
		7B3483A42219CB2F004093DB /* UsedActivity.swift */ = {isa = PBXFileReference; lastKnownFileType = sourcecode.swift; path = UsedActivity.swift; sourceTree = "<group>"; };
		7B3A998A22C1A73700A28343 /* GoogleService-Info.plist */ = {isa = PBXFileReference; fileEncoding = 4; lastKnownFileType = text.plist.xml; path = "GoogleService-Info.plist"; sourceTree = "<group>"; };
		7B3A998C22C1A73700A28343 /* GoogleService-Info.plist */ = {isa = PBXFileReference; fileEncoding = 4; lastKnownFileType = text.plist.xml; path = "GoogleService-Info.plist"; sourceTree = "<group>"; };
		7B45EF8A22D1527400A661F5 /* RatingControl.swift */ = {isa = PBXFileReference; lastKnownFileType = sourcecode.swift; path = RatingControl.swift; sourceTree = "<group>"; };
		7B45EF8C22D23B9500A661F5 /* Rating.swift */ = {isa = PBXFileReference; lastKnownFileType = sourcecode.swift; path = Rating.swift; sourceTree = "<group>"; };
		7B723B5121F00D95008605FB /* ProductTableViewCell.swift */ = {isa = PBXFileReference; lastKnownFileType = sourcecode.swift; path = ProductTableViewCell.swift; sourceTree = "<group>"; };
		7B9050AF2243C210000F2FF5 /* GettingStartedViewController.swift */ = {isa = PBXFileReference; lastKnownFileType = sourcecode.swift; path = GettingStartedViewController.swift; sourceTree = "<group>"; };
		7BA0191B21ECB4510078E61B /* newProductViewController.swift */ = {isa = PBXFileReference; lastKnownFileType = sourcecode.swift; path = newProductViewController.swift; sourceTree = "<group>"; };
		7BD24D3021F207E500F2CBCE /* ProductTableViewController.swift */ = {isa = PBXFileReference; lastKnownFileType = sourcecode.swift; path = ProductTableViewController.swift; sourceTree = "<group>"; };
		7BF2678322C97FA900F92263 /* HomeTableViewCell.swift */ = {isa = PBXFileReference; lastKnownFileType = sourcecode.swift; path = HomeTableViewCell.swift; sourceTree = "<group>"; };
		7D19A54CF3164C081373F3A5 /* Pods-Flawless.debug.xcconfig */ = {isa = PBXFileReference; includeInIndex = 1; lastKnownFileType = text.xcconfig; name = "Pods-Flawless.debug.xcconfig"; path = "Target Support Files/Pods-Flawless/Pods-Flawless.debug.xcconfig"; sourceTree = "<group>"; };
		953958CE20C469BE00DD069A /* FSCalendar+Deprecated.m */ = {isa = PBXFileReference; fileEncoding = 4; lastKnownFileType = sourcecode.c.objc; path = "FSCalendar+Deprecated.m"; sourceTree = "<group>"; };
		953958CF20C469BE00DD069A /* FSCalendar.h */ = {isa = PBXFileReference; fileEncoding = 4; lastKnownFileType = sourcecode.c.h; path = FSCalendar.h; sourceTree = "<group>"; };
		953958D020C469BE00DD069A /* FSCalendar.m */ = {isa = PBXFileReference; fileEncoding = 4; lastKnownFileType = sourcecode.c.objc; path = FSCalendar.m; sourceTree = "<group>"; };
		953958D120C469BE00DD069A /* FSCalendarAppearance.h */ = {isa = PBXFileReference; fileEncoding = 4; lastKnownFileType = sourcecode.c.h; path = FSCalendarAppearance.h; sourceTree = "<group>"; };
		953958D220C469BE00DD069A /* FSCalendarAppearance.m */ = {isa = PBXFileReference; fileEncoding = 4; lastKnownFileType = sourcecode.c.objc; path = FSCalendarAppearance.m; sourceTree = "<group>"; };
		953958D320C469BE00DD069A /* FSCalendarCalculator.h */ = {isa = PBXFileReference; fileEncoding = 4; lastKnownFileType = sourcecode.c.h; path = FSCalendarCalculator.h; sourceTree = "<group>"; };
		953958D420C469BE00DD069A /* FSCalendarCalculator.m */ = {isa = PBXFileReference; fileEncoding = 4; lastKnownFileType = sourcecode.c.objc; path = FSCalendarCalculator.m; sourceTree = "<group>"; };
		953958D520C469BE00DD069A /* FSCalendarCell.h */ = {isa = PBXFileReference; fileEncoding = 4; lastKnownFileType = sourcecode.c.h; path = FSCalendarCell.h; sourceTree = "<group>"; };
		953958D620C469BE00DD069A /* FSCalendarCell.m */ = {isa = PBXFileReference; fileEncoding = 4; lastKnownFileType = sourcecode.c.objc; path = FSCalendarCell.m; sourceTree = "<group>"; };
		953958D720C469BE00DD069A /* FSCalendarCollectionView.h */ = {isa = PBXFileReference; fileEncoding = 4; lastKnownFileType = sourcecode.c.h; path = FSCalendarCollectionView.h; sourceTree = "<group>"; };
		953958D820C469BE00DD069A /* FSCalendarCollectionView.m */ = {isa = PBXFileReference; fileEncoding = 4; lastKnownFileType = sourcecode.c.objc; path = FSCalendarCollectionView.m; sourceTree = "<group>"; };
		953958D920C469BE00DD069A /* FSCalendarCollectionViewLayout.h */ = {isa = PBXFileReference; fileEncoding = 4; lastKnownFileType = sourcecode.c.h; path = FSCalendarCollectionViewLayout.h; sourceTree = "<group>"; };
		953958DA20C469BE00DD069A /* FSCalendarCollectionViewLayout.m */ = {isa = PBXFileReference; fileEncoding = 4; lastKnownFileType = sourcecode.c.objc; path = FSCalendarCollectionViewLayout.m; sourceTree = "<group>"; };
		953958DB20C469BE00DD069A /* FSCalendarConstants.h */ = {isa = PBXFileReference; fileEncoding = 4; lastKnownFileType = sourcecode.c.h; path = FSCalendarConstants.h; sourceTree = "<group>"; };
		953958DC20C469BE00DD069A /* FSCalendarConstants.m */ = {isa = PBXFileReference; fileEncoding = 4; lastKnownFileType = sourcecode.c.objc; path = FSCalendarConstants.m; sourceTree = "<group>"; };
		953958DD20C469BE00DD069A /* FSCalendarDelegationFactory.h */ = {isa = PBXFileReference; fileEncoding = 4; lastKnownFileType = sourcecode.c.h; path = FSCalendarDelegationFactory.h; sourceTree = "<group>"; };
		953958DE20C469BE00DD069A /* FSCalendarDelegationFactory.m */ = {isa = PBXFileReference; fileEncoding = 4; lastKnownFileType = sourcecode.c.objc; path = FSCalendarDelegationFactory.m; sourceTree = "<group>"; };
		953958DF20C469BE00DD069A /* FSCalendarDelegationProxy.h */ = {isa = PBXFileReference; fileEncoding = 4; lastKnownFileType = sourcecode.c.h; path = FSCalendarDelegationProxy.h; sourceTree = "<group>"; };
		953958E020C469BE00DD069A /* FSCalendarDelegationProxy.m */ = {isa = PBXFileReference; fileEncoding = 4; lastKnownFileType = sourcecode.c.objc; path = FSCalendarDelegationProxy.m; sourceTree = "<group>"; };
		953958E120C469BE00DD069A /* FSCalendarDynamicHeader.h */ = {isa = PBXFileReference; fileEncoding = 4; lastKnownFileType = sourcecode.c.h; path = FSCalendarDynamicHeader.h; sourceTree = "<group>"; };
		953958E220C469BE00DD069A /* FSCalendarExtensions.h */ = {isa = PBXFileReference; fileEncoding = 4; lastKnownFileType = sourcecode.c.h; path = FSCalendarExtensions.h; sourceTree = "<group>"; };
		953958E320C469BE00DD069A /* FSCalendarExtensions.m */ = {isa = PBXFileReference; fileEncoding = 4; lastKnownFileType = sourcecode.c.objc; path = FSCalendarExtensions.m; sourceTree = "<group>"; };
		953958E420C469BE00DD069A /* FSCalendarHeaderView.h */ = {isa = PBXFileReference; fileEncoding = 4; lastKnownFileType = sourcecode.c.h; path = FSCalendarHeaderView.h; sourceTree = "<group>"; };
		953958E520C469BE00DD069A /* FSCalendarHeaderView.m */ = {isa = PBXFileReference; fileEncoding = 4; lastKnownFileType = sourcecode.c.objc; path = FSCalendarHeaderView.m; sourceTree = "<group>"; };
		953958E620C469BE00DD069A /* FSCalendarScopeHandle.h */ = {isa = PBXFileReference; fileEncoding = 4; lastKnownFileType = sourcecode.c.h; path = FSCalendarScopeHandle.h; sourceTree = "<group>"; };
		953958E720C469BE00DD069A /* FSCalendarScopeHandle.m */ = {isa = PBXFileReference; fileEncoding = 4; lastKnownFileType = sourcecode.c.objc; path = FSCalendarScopeHandle.m; sourceTree = "<group>"; };
		953958E820C469BE00DD069A /* FSCalendarStickyHeader.h */ = {isa = PBXFileReference; fileEncoding = 4; lastKnownFileType = sourcecode.c.h; path = FSCalendarStickyHeader.h; sourceTree = "<group>"; };
		953958E920C469BE00DD069A /* FSCalendarStickyHeader.m */ = {isa = PBXFileReference; fileEncoding = 4; lastKnownFileType = sourcecode.c.objc; path = FSCalendarStickyHeader.m; sourceTree = "<group>"; };
		953958EA20C469BE00DD069A /* FSCalendarTransitionCoordinator.h */ = {isa = PBXFileReference; fileEncoding = 4; lastKnownFileType = sourcecode.c.h; path = FSCalendarTransitionCoordinator.h; sourceTree = "<group>"; };
		953958EB20C469BE00DD069A /* FSCalendarTransitionCoordinator.m */ = {isa = PBXFileReference; fileEncoding = 4; lastKnownFileType = sourcecode.c.objc; path = FSCalendarTransitionCoordinator.m; sourceTree = "<group>"; };
		953958EC20C469BE00DD069A /* FSCalendarWeekdayView.h */ = {isa = PBXFileReference; fileEncoding = 4; lastKnownFileType = sourcecode.c.h; path = FSCalendarWeekdayView.h; sourceTree = "<group>"; };
		953958ED20C469BE00DD069A /* FSCalendarWeekdayView.m */ = {isa = PBXFileReference; fileEncoding = 4; lastKnownFileType = sourcecode.c.objc; path = FSCalendarWeekdayView.m; sourceTree = "<group>"; };
		953958EE20C469BE00DD069A /* Info.plist */ = {isa = PBXFileReference; fileEncoding = 4; lastKnownFileType = text.plist.xml; path = Info.plist; sourceTree = "<group>"; };
		9539590020C4C2B500DD069A /* giraffe_flight-bridging-header.h */ = {isa = PBXFileReference; lastKnownFileType = sourcecode.c.h; path = "giraffe_flight-bridging-header.h"; sourceTree = "<group>"; };
		954D191E20C448650051AE9A /* splashViewController.swift */ = {isa = PBXFileReference; lastKnownFileType = sourcecode.swift; path = splashViewController.swift; sourceTree = "<group>"; };
		954D192020C45DA10051AE9A /* statsViewController.swift */ = {isa = PBXFileReference; lastKnownFileType = sourcecode.swift; path = statsViewController.swift; sourceTree = "<group>"; };
		959D89A120B393B300E17F2E /* Flawless.app */ = {isa = PBXFileReference; explicitFileType = wrapper.application; includeInIndex = 0; path = Flawless.app; sourceTree = BUILT_PRODUCTS_DIR; };
		959D89A420B393B300E17F2E /* AppDelegate.swift */ = {isa = PBXFileReference; lastKnownFileType = sourcecode.swift; path = AppDelegate.swift; sourceTree = "<group>"; };
		959D89A620B393B300E17F2E /* homeViewController.swift */ = {isa = PBXFileReference; lastKnownFileType = sourcecode.swift; path = homeViewController.swift; sourceTree = "<group>"; };
		959D89A920B393B300E17F2E /* Base */ = {isa = PBXFileReference; lastKnownFileType = file.storyboard; name = Base; path = Base.lproj/Main.storyboard; sourceTree = "<group>"; };
		959D89AC20B393B300E17F2E /* thebeautyapp.xcdatamodel */ = {isa = PBXFileReference; lastKnownFileType = wrapper.xcdatamodel; path = thebeautyapp.xcdatamodel; sourceTree = "<group>"; };
		959D89AE20B393B400E17F2E /* Assets.xcassets */ = {isa = PBXFileReference; lastKnownFileType = folder.assetcatalog; path = Assets.xcassets; sourceTree = "<group>"; };
		959D89B320B393B400E17F2E /* Info.plist */ = {isa = PBXFileReference; lastKnownFileType = text.plist.xml; path = Info.plist; sourceTree = "<group>"; };
		959D89B820B393B500E17F2E /* FlawlessTests.xctest */ = {isa = PBXFileReference; explicitFileType = wrapper.cfbundle; includeInIndex = 0; path = FlawlessTests.xctest; sourceTree = BUILT_PRODUCTS_DIR; };
		959D89BC20B393B500E17F2E /* thebeautyappTests.swift */ = {isa = PBXFileReference; lastKnownFileType = sourcecode.swift; path = thebeautyappTests.swift; sourceTree = "<group>"; };
		959D89BE20B393B500E17F2E /* Info.plist */ = {isa = PBXFileReference; lastKnownFileType = text.plist.xml; path = Info.plist; sourceTree = "<group>"; };
		959D89C320B393B500E17F2E /* FlawlessUITests.xctest */ = {isa = PBXFileReference; explicitFileType = wrapper.cfbundle; includeInIndex = 0; path = FlawlessUITests.xctest; sourceTree = BUILT_PRODUCTS_DIR; };
		959D89C720B393B500E17F2E /* thebeautyappUITests.swift */ = {isa = PBXFileReference; lastKnownFileType = sourcecode.swift; path = thebeautyappUITests.swift; sourceTree = "<group>"; };
		959D89C920B393B500E17F2E /* Info.plist */ = {isa = PBXFileReference; lastKnownFileType = text.plist.xml; path = Info.plist; sourceTree = "<group>"; };
		9D435A0E6FE78E449D276C10 /* Pods-FlawlessUITests.release.xcconfig */ = {isa = PBXFileReference; includeInIndex = 1; lastKnownFileType = text.xcconfig; name = "Pods-FlawlessUITests.release.xcconfig"; path = "Target Support Files/Pods-FlawlessUITests/Pods-FlawlessUITests.release.xcconfig"; sourceTree = "<group>"; };
		B627A1E3FD755541C8A08054 /* Pods-Flawless.release.xcconfig */ = {isa = PBXFileReference; includeInIndex = 1; lastKnownFileType = text.xcconfig; name = "Pods-Flawless.release.xcconfig"; path = "Target Support Files/Pods-Flawless/Pods-Flawless.release.xcconfig"; sourceTree = "<group>"; };
		B97E231AEBEBC7A8FA618076 /* Pods-FlawlessTests.debug.xcconfig */ = {isa = PBXFileReference; includeInIndex = 1; lastKnownFileType = text.xcconfig; name = "Pods-FlawlessTests.debug.xcconfig"; path = "Target Support Files/Pods-FlawlessTests/Pods-FlawlessTests.debug.xcconfig"; sourceTree = "<group>"; };
		BE9D30E682FB220A11A2676A /* Pods_Flawless.framework */ = {isa = PBXFileReference; explicitFileType = wrapper.framework; includeInIndex = 0; path = Pods_Flawless.framework; sourceTree = BUILT_PRODUCTS_DIR; };
		D755BF1620E0040C00FD77F1 /* product.swift */ = {isa = PBXFileReference; lastKnownFileType = sourcecode.swift; path = product.swift; sourceTree = "<group>"; };
		EE1BD2CA724382144BEE144C /* Pods_FlawlessUITests.framework */ = {isa = PBXFileReference; explicitFileType = wrapper.framework; includeInIndex = 0; path = Pods_FlawlessUITests.framework; sourceTree = BUILT_PRODUCTS_DIR; };
		EF0D1B696FAB23FF67FD808E /* Pods-FlawlessUITests.debug.xcconfig */ = {isa = PBXFileReference; includeInIndex = 1; lastKnownFileType = text.xcconfig; name = "Pods-FlawlessUITests.debug.xcconfig"; path = "Target Support Files/Pods-FlawlessUITests/Pods-FlawlessUITests.debug.xcconfig"; sourceTree = "<group>"; };
/* End PBXFileReference section */

/* Begin PBXFrameworksBuildPhase section */
		959D899E20B393B300E17F2E /* Frameworks */ = {
			isa = PBXFrameworksBuildPhase;
			buildActionMask = 2147483647;
			files = (
				870F034ECB23EA290F5944E1 /* Pods_Flawless.framework in Frameworks */,
			);
			runOnlyForDeploymentPostprocessing = 0;
		};
		959D89B520B393B500E17F2E /* Frameworks */ = {
			isa = PBXFrameworksBuildPhase;
			buildActionMask = 2147483647;
			files = (
				03624F8F3CFBB42A2BC339ED /* Pods_FlawlessTests.framework in Frameworks */,
			);
			runOnlyForDeploymentPostprocessing = 0;
		};
		959D89C020B393B500E17F2E /* Frameworks */ = {
			isa = PBXFrameworksBuildPhase;
			buildActionMask = 2147483647;
			files = (
				910F3091EFA3C21E92AF9213 /* Pods_FlawlessUITests.framework in Frameworks */,
			);
			runOnlyForDeploymentPostprocessing = 0;
		};
/* End PBXFrameworksBuildPhase section */

/* Begin PBXGroup section */
		24B52555B784ED66786FE0A2 /* Frameworks */ = {
			isa = PBXGroup;
			children = (
				BE9D30E682FB220A11A2676A /* Pods_Flawless.framework */,
				63727D62FAC9D72A645A3B99 /* Pods_FlawlessTests.framework */,
				EE1BD2CA724382144BEE144C /* Pods_FlawlessUITests.framework */,
			);
			name = Frameworks;
			sourceTree = "<group>";
		};
		3CB0E8AE8DA4AD9C543EF66F /* Pods */ = {
			isa = PBXGroup;
			children = (
				7D19A54CF3164C081373F3A5 /* Pods-Flawless.debug.xcconfig */,
				B627A1E3FD755541C8A08054 /* Pods-Flawless.release.xcconfig */,
				B97E231AEBEBC7A8FA618076 /* Pods-FlawlessTests.debug.xcconfig */,
				302E9339782EAE2D916B49D3 /* Pods-FlawlessTests.release.xcconfig */,
				EF0D1B696FAB23FF67FD808E /* Pods-FlawlessUITests.debug.xcconfig */,
				9D435A0E6FE78E449D276C10 /* Pods-FlawlessUITests.release.xcconfig */,
			);
			path = Pods;
			sourceTree = "<group>";
		};
		7B3A998822C1A73700A28343 /* Firebase */ = {
			isa = PBXGroup;
			children = (
				7B3A998922C1A73700A28343 /* Prod */,
				7B3A998B22C1A73700A28343 /* Dev */,
			);
			path = Firebase;
			sourceTree = "<group>";
		};
		7B3A998922C1A73700A28343 /* Prod */ = {
			isa = PBXGroup;
			children = (
				7B3A998A22C1A73700A28343 /* GoogleService-Info.plist */,
			);
			path = Prod;
			sourceTree = "<group>";
		};
		7B3A998B22C1A73700A28343 /* Dev */ = {
			isa = PBXGroup;
			children = (
				7B3A998C22C1A73700A28343 /* GoogleService-Info.plist */,
			);
			path = Dev;
			sourceTree = "<group>";
		};
		953958CD20C469BE00DD069A /* FSCalendar */ = {
			isa = PBXGroup;
			children = (
				953958CE20C469BE00DD069A /* FSCalendar+Deprecated.m */,
				953958CF20C469BE00DD069A /* FSCalendar.h */,
				953958D020C469BE00DD069A /* FSCalendar.m */,
				953958D120C469BE00DD069A /* FSCalendarAppearance.h */,
				953958D220C469BE00DD069A /* FSCalendarAppearance.m */,
				953958D320C469BE00DD069A /* FSCalendarCalculator.h */,
				953958D420C469BE00DD069A /* FSCalendarCalculator.m */,
				953958D520C469BE00DD069A /* FSCalendarCell.h */,
				953958D620C469BE00DD069A /* FSCalendarCell.m */,
				953958D720C469BE00DD069A /* FSCalendarCollectionView.h */,
				953958D820C469BE00DD069A /* FSCalendarCollectionView.m */,
				953958D920C469BE00DD069A /* FSCalendarCollectionViewLayout.h */,
				953958DA20C469BE00DD069A /* FSCalendarCollectionViewLayout.m */,
				953958DB20C469BE00DD069A /* FSCalendarConstants.h */,
				953958DC20C469BE00DD069A /* FSCalendarConstants.m */,
				953958DD20C469BE00DD069A /* FSCalendarDelegationFactory.h */,
				953958DE20C469BE00DD069A /* FSCalendarDelegationFactory.m */,
				953958DF20C469BE00DD069A /* FSCalendarDelegationProxy.h */,
				953958E020C469BE00DD069A /* FSCalendarDelegationProxy.m */,
				953958E120C469BE00DD069A /* FSCalendarDynamicHeader.h */,
				953958E220C469BE00DD069A /* FSCalendarExtensions.h */,
				953958E320C469BE00DD069A /* FSCalendarExtensions.m */,
				953958E420C469BE00DD069A /* FSCalendarHeaderView.h */,
				953958E520C469BE00DD069A /* FSCalendarHeaderView.m */,
				953958E620C469BE00DD069A /* FSCalendarScopeHandle.h */,
				953958E720C469BE00DD069A /* FSCalendarScopeHandle.m */,
				953958E820C469BE00DD069A /* FSCalendarStickyHeader.h */,
				953958E920C469BE00DD069A /* FSCalendarStickyHeader.m */,
				953958EA20C469BE00DD069A /* FSCalendarTransitionCoordinator.h */,
				953958EB20C469BE00DD069A /* FSCalendarTransitionCoordinator.m */,
				953958EC20C469BE00DD069A /* FSCalendarWeekdayView.h */,
				953958ED20C469BE00DD069A /* FSCalendarWeekdayView.m */,
				953958EE20C469BE00DD069A /* Info.plist */,
			);
			path = FSCalendar;
			sourceTree = "<group>";
		};
		959D899820B393B300E17F2E = {
			isa = PBXGroup;
			children = (
				959D89A320B393B300E17F2E /* thebeautyapp */,
				959D89BB20B393B500E17F2E /* thebeautyappTests */,
				959D89C620B393B500E17F2E /* thebeautyappUITests */,
				959D89A220B393B300E17F2E /* Products */,
				3CB0E8AE8DA4AD9C543EF66F /* Pods */,
				24B52555B784ED66786FE0A2 /* Frameworks */,
			);
			sourceTree = "<group>";
		};
		959D89A220B393B300E17F2E /* Products */ = {
			isa = PBXGroup;
			children = (
				959D89A120B393B300E17F2E /* Flawless.app */,
				959D89B820B393B500E17F2E /* FlawlessTests.xctest */,
				959D89C320B393B500E17F2E /* FlawlessUITests.xctest */,
			);
			name = Products;
			sourceTree = "<group>";
		};
		959D89A320B393B300E17F2E /* thebeautyapp */ = {
			isa = PBXGroup;
			children = (
				7B3A998822C1A73700A28343 /* Firebase */,
				959D89A420B393B300E17F2E /* AppDelegate.swift */,
				7B279191247A0DEC0038286E /* tabBarViewController.swift */,
				959D89A620B393B300E17F2E /* homeViewController.swift */,
				959D89A820B393B300E17F2E /* Main.storyboard */,
				7B45EF8C22D23B9500A661F5 /* Rating.swift */,
				7B45EF8A22D1527400A661F5 /* RatingControl.swift */,
				7B9050AF2243C210000F2FF5 /* GettingStartedViewController.swift */,
				953958CD20C469BE00DD069A /* FSCalendar */,
				959D89AE20B393B400E17F2E /* Assets.xcassets */,
				959D89B320B393B400E17F2E /* Info.plist */,
				959D89AB20B393B300E17F2E /* thebeautyapp.xcdatamodeld */,
				954D191E20C448650051AE9A /* splashViewController.swift */,
				954D192020C45DA10051AE9A /* statsViewController.swift */,
				9539590020C4C2B500DD069A /* giraffe_flight-bridging-header.h */,
				D755BF1620E0040C00FD77F1 /* product.swift */,
				7B3483A42219CB2F004093DB /* UsedActivity.swift */,
				7BA0191B21ECB4510078E61B /* newProductViewController.swift */,
				7B723B5121F00D95008605FB /* ProductTableViewCell.swift */,
				7BF2678322C97FA900F92263 /* HomeTableViewCell.swift */,
				7BD24D3021F207E500F2CBCE /* ProductTableViewController.swift */,
			);
			path = thebeautyapp;
			sourceTree = "<group>";
		};
		959D89BB20B393B500E17F2E /* thebeautyappTests */ = {
			isa = PBXGroup;
			children = (
				959D89BC20B393B500E17F2E /* thebeautyappTests.swift */,
				959D89BE20B393B500E17F2E /* Info.plist */,
			);
			path = thebeautyappTests;
			sourceTree = "<group>";
		};
		959D89C620B393B500E17F2E /* thebeautyappUITests */ = {
			isa = PBXGroup;
			children = (
				959D89C720B393B500E17F2E /* thebeautyappUITests.swift */,
				959D89C920B393B500E17F2E /* Info.plist */,
			);
			path = thebeautyappUITests;
			sourceTree = "<group>";
		};
/* End PBXGroup section */

/* Begin PBXNativeTarget section */
		959D89A020B393B300E17F2E /* Flawless */ = {
			isa = PBXNativeTarget;
			buildConfigurationList = 959D89CC20B393B500E17F2E /* Build configuration list for PBXNativeTarget "Flawless" */;
			buildPhases = (
				154307BADCC2D8159133A026 /* [CP] Check Pods Manifest.lock */,
				959D899D20B393B300E17F2E /* Sources */,
				959D899E20B393B300E17F2E /* Frameworks */,
				7B3A998F22C1A79C00A28343 /* Setup Firebase Environment GoogleService-Info.plist */,
				959D899F20B393B300E17F2E /* Resources */,
				FD475604955CD330C3E47C60 /* [CP] Embed Pods Frameworks */,
				0D142A79AF71D368191B73C2 /* [CP] Copy Pods Resources */,
			);
			buildRules = (
			);
			dependencies = (
			);
			name = Flawless;
			productName = thebeautyapp;
			productReference = 959D89A120B393B300E17F2E /* Flawless.app */;
			productType = "com.apple.product-type.application";
		};
		959D89B720B393B500E17F2E /* FlawlessTests */ = {
			isa = PBXNativeTarget;
			buildConfigurationList = 959D89CF20B393B500E17F2E /* Build configuration list for PBXNativeTarget "FlawlessTests" */;
			buildPhases = (
				27D893CEB43EA952654C0124 /* [CP] Check Pods Manifest.lock */,
				959D89B420B393B500E17F2E /* Sources */,
				959D89B520B393B500E17F2E /* Frameworks */,
				959D89B620B393B500E17F2E /* Resources */,
			);
			buildRules = (
			);
			dependencies = (
				959D89BA20B393B500E17F2E /* PBXTargetDependency */,
			);
			name = FlawlessTests;
			productName = thebeautyappTests;
			productReference = 959D89B820B393B500E17F2E /* FlawlessTests.xctest */;
			productType = "com.apple.product-type.bundle.unit-test";
		};
		959D89C220B393B500E17F2E /* FlawlessUITests */ = {
			isa = PBXNativeTarget;
			buildConfigurationList = 959D89D220B393B500E17F2E /* Build configuration list for PBXNativeTarget "FlawlessUITests" */;
			buildPhases = (
				A0F79BAC093B4E8F28447FE3 /* [CP] Check Pods Manifest.lock */,
				959D89BF20B393B500E17F2E /* Sources */,
				959D89C020B393B500E17F2E /* Frameworks */,
				959D89C120B393B500E17F2E /* Resources */,
			);
			buildRules = (
			);
			dependencies = (
				959D89C520B393B500E17F2E /* PBXTargetDependency */,
			);
			name = FlawlessUITests;
			productName = thebeautyappUITests;
			productReference = 959D89C320B393B500E17F2E /* FlawlessUITests.xctest */;
			productType = "com.apple.product-type.bundle.ui-testing";
		};
/* End PBXNativeTarget section */

/* Begin PBXProject section */
		959D899920B393B300E17F2E /* Project object */ = {
			isa = PBXProject;
			attributes = {
				LastSwiftUpdateCheck = 0930;
				LastUpgradeCheck = 0930;
				ORGANIZATIONNAME = giraffeflight;
				TargetAttributes = {
					959D89A020B393B300E17F2E = {
						CreatedOnToolsVersion = 9.3.1;
						LastSwiftMigration = 1000;
					};
					959D89B720B393B500E17F2E = {
						CreatedOnToolsVersion = 9.3.1;
						LastSwiftMigration = 1000;
						TestTargetID = 959D89A020B393B300E17F2E;
					};
					959D89C220B393B500E17F2E = {
						CreatedOnToolsVersion = 9.3.1;
						LastSwiftMigration = 1000;
						TestTargetID = 959D89A020B393B300E17F2E;
					};
				};
			};
			buildConfigurationList = 959D899C20B393B300E17F2E /* Build configuration list for PBXProject "Flawless" */;
			compatibilityVersion = "Xcode 9.3";
			developmentRegion = en;
			hasScannedForEncodings = 0;
			knownRegions = (
				en,
				Base,
			);
			mainGroup = 959D899820B393B300E17F2E;
			productRefGroup = 959D89A220B393B300E17F2E /* Products */;
			projectDirPath = "";
			projectRoot = "";
			targets = (
				959D89A020B393B300E17F2E /* Flawless */,
				959D89B720B393B500E17F2E /* FlawlessTests */,
				959D89C220B393B500E17F2E /* FlawlessUITests */,
			);
		};
/* End PBXProject section */

/* Begin PBXResourcesBuildPhase section */
		959D899F20B393B300E17F2E /* Resources */ = {
			isa = PBXResourcesBuildPhase;
			buildActionMask = 2147483647;
			files = (
				959D89AF20B393B400E17F2E /* Assets.xcassets in Resources */,
				959D89AA20B393B300E17F2E /* Main.storyboard in Resources */,
			);
			runOnlyForDeploymentPostprocessing = 0;
		};
		959D89B620B393B500E17F2E /* Resources */ = {
			isa = PBXResourcesBuildPhase;
			buildActionMask = 2147483647;
			files = (
			);
			runOnlyForDeploymentPostprocessing = 0;
		};
		959D89C120B393B500E17F2E /* Resources */ = {
			isa = PBXResourcesBuildPhase;
			buildActionMask = 2147483647;
			files = (
			);
			runOnlyForDeploymentPostprocessing = 0;
		};
/* End PBXResourcesBuildPhase section */

/* Begin PBXShellScriptBuildPhase section */
		0D142A79AF71D368191B73C2 /* [CP] Copy Pods Resources */ = {
			isa = PBXShellScriptBuildPhase;
			buildActionMask = 2147483647;
			files = (
			);
			inputFileListPaths = (
			);
			inputPaths = (
				"${PODS_ROOT}/Target Support Files/Pods-Flawless/Pods-Flawless-resources.sh",
				"${PODS_CONFIGURATION_BUILD_DIR}/FirebaseInAppMessagingDisplay/InAppMessagingDisplayResources.bundle",
			);
			name = "[CP] Copy Pods Resources";
			outputFileListPaths = (
			);
			outputPaths = (
				"${TARGET_BUILD_DIR}/${UNLOCALIZED_RESOURCES_FOLDER_PATH}/InAppMessagingDisplayResources.bundle",
			);
			runOnlyForDeploymentPostprocessing = 0;
			shellPath = /bin/sh;
			shellScript = "\"${PODS_ROOT}/Target Support Files/Pods-Flawless/Pods-Flawless-resources.sh\"\n";
			showEnvVarsInLog = 0;
		};
		154307BADCC2D8159133A026 /* [CP] Check Pods Manifest.lock */ = {
			isa = PBXShellScriptBuildPhase;
			buildActionMask = 2147483647;
			files = (
			);
			inputFileListPaths = (
			);
			inputPaths = (
				"${PODS_PODFILE_DIR_PATH}/Podfile.lock",
				"${PODS_ROOT}/Manifest.lock",
			);
			name = "[CP] Check Pods Manifest.lock";
			outputFileListPaths = (
			);
			outputPaths = (
				"$(DERIVED_FILE_DIR)/Pods-Flawless-checkManifestLockResult.txt",
			);
			runOnlyForDeploymentPostprocessing = 0;
			shellPath = /bin/sh;
			shellScript = "diff \"${PODS_PODFILE_DIR_PATH}/Podfile.lock\" \"${PODS_ROOT}/Manifest.lock\" > /dev/null\nif [ $? != 0 ] ; then\n    # print error to STDERR\n    echo \"error: The sandbox is not in sync with the Podfile.lock. Run 'pod install' or update your CocoaPods installation.\" >&2\n    exit 1\nfi\n# This output is used by Xcode 'outputs' to avoid re-running this script phase.\necho \"SUCCESS\" > \"${SCRIPT_OUTPUT_FILE_0}\"\n";
			showEnvVarsInLog = 0;
		};
		27D893CEB43EA952654C0124 /* [CP] Check Pods Manifest.lock */ = {
			isa = PBXShellScriptBuildPhase;
			buildActionMask = 2147483647;
			files = (
			);
			inputFileListPaths = (
			);
			inputPaths = (
				"${PODS_PODFILE_DIR_PATH}/Podfile.lock",
				"${PODS_ROOT}/Manifest.lock",
			);
			name = "[CP] Check Pods Manifest.lock";
			outputFileListPaths = (
			);
			outputPaths = (
				"$(DERIVED_FILE_DIR)/Pods-FlawlessTests-checkManifestLockResult.txt",
			);
			runOnlyForDeploymentPostprocessing = 0;
			shellPath = /bin/sh;
			shellScript = "diff \"${PODS_PODFILE_DIR_PATH}/Podfile.lock\" \"${PODS_ROOT}/Manifest.lock\" > /dev/null\nif [ $? != 0 ] ; then\n    # print error to STDERR\n    echo \"error: The sandbox is not in sync with the Podfile.lock. Run 'pod install' or update your CocoaPods installation.\" >&2\n    exit 1\nfi\n# This output is used by Xcode 'outputs' to avoid re-running this script phase.\necho \"SUCCESS\" > \"${SCRIPT_OUTPUT_FILE_0}\"\n";
			showEnvVarsInLog = 0;
		};
		7B3A998F22C1A79C00A28343 /* Setup Firebase Environment GoogleService-Info.plist */ = {
			isa = PBXShellScriptBuildPhase;
			buildActionMask = 2147483647;
			files = (
			);
			inputFileListPaths = (
			);
			inputPaths = (
			);
			name = "Setup Firebase Environment GoogleService-Info.plist";
			outputFileListPaths = (
			);
			outputPaths = (
			);
			runOnlyForDeploymentPostprocessing = 0;
			shellPath = /bin/sh;
			shellScript = "# Name of the resource we're selectively copying\nGOOGLESERVICE_INFO_PLIST=GoogleService-Info.plist\n\n# Get references to dev and prod versions of the GoogleService-Info.plist\n# NOTE: These should only live on the file system and should NOT be part of the target (since we'll be adding them to the target manually)\nGOOGLESERVICE_INFO_DEV=${PROJECT_DIR}/thebeautyapp/Firebase/Dev/${GOOGLESERVICE_INFO_PLIST}\nGOOGLESERVICE_INFO_PROD=${PROJECT_DIR}/thebeautyapp/Firebase/Prod/${GOOGLESERVICE_INFO_PLIST}\n\n# Make sure the dev version of GoogleService-Info.plist exists\necho \"Looking for ${GOOGLESERVICE_INFO_PLIST} in ${GOOGLESERVICE_INFO_DEV}\"\nif [ ! -f $GOOGLESERVICE_INFO_DEV ]\nthen\necho \"No Development GoogleService-Info.plist found. Please ensure it's in the proper directory.\"\nexit 1\nfi\n\n# Make sure the prod version of GoogleService-Info.plist exists\necho \"Looking for ${GOOGLESERVICE_INFO_PLIST} in ${GOOGLESERVICE_INFO_PROD}\"\nif [ ! -f $GOOGLESERVICE_INFO_PROD ]\nthen\necho \"No Production GoogleService-Info.plist found. Please ensure it's in the proper directory.\"\nexit 1\nfi\n\n# Get a reference to the destination location for the GoogleService-Info.plist\nPLIST_DESTINATION=${BUILT_PRODUCTS_DIR}/${PRODUCT_NAME}.app\necho \"Will copy ${GOOGLESERVICE_INFO_PLIST} to final destination: ${PLIST_DESTINATION}\"\n\n# Copy over the prod GoogleService-Info.plist for Release builds\nif [ \"${CONFIGURATION}\" == \"Release\" ]\nthen\necho \"Using ${GOOGLESERVICE_INFO_PROD}\"\ncp \"${GOOGLESERVICE_INFO_PROD}\" \"${PLIST_DESTINATION}\"\nelse\necho \"Using ${GOOGLESERVICE_INFO_DEV}\"\ncp \"${GOOGLESERVICE_INFO_DEV}\" \"${PLIST_DESTINATION}\"\nfi\n";
		};
		A0F79BAC093B4E8F28447FE3 /* [CP] Check Pods Manifest.lock */ = {
			isa = PBXShellScriptBuildPhase;
			buildActionMask = 2147483647;
			files = (
			);
			inputFileListPaths = (
			);
			inputPaths = (
				"${PODS_PODFILE_DIR_PATH}/Podfile.lock",
				"${PODS_ROOT}/Manifest.lock",
			);
			name = "[CP] Check Pods Manifest.lock";
			outputFileListPaths = (
			);
			outputPaths = (
				"$(DERIVED_FILE_DIR)/Pods-FlawlessUITests-checkManifestLockResult.txt",
			);
			runOnlyForDeploymentPostprocessing = 0;
			shellPath = /bin/sh;
			shellScript = "diff \"${PODS_PODFILE_DIR_PATH}/Podfile.lock\" \"${PODS_ROOT}/Manifest.lock\" > /dev/null\nif [ $? != 0 ] ; then\n    # print error to STDERR\n    echo \"error: The sandbox is not in sync with the Podfile.lock. Run 'pod install' or update your CocoaPods installation.\" >&2\n    exit 1\nfi\n# This output is used by Xcode 'outputs' to avoid re-running this script phase.\necho \"SUCCESS\" > \"${SCRIPT_OUTPUT_FILE_0}\"\n";
			showEnvVarsInLog = 0;
		};
		FD475604955CD330C3E47C60 /* [CP] Embed Pods Frameworks */ = {
			isa = PBXShellScriptBuildPhase;
			buildActionMask = 2147483647;
			files = (
			);
			inputFileListPaths = (
			);
			inputPaths = (
				"${PODS_ROOT}/Target Support Files/Pods-Flawless/Pods-Flawless-frameworks.sh",
				"${BUILT_PRODUCTS_DIR}/GoogleUtilities/GoogleUtilities.framework",
				"${BUILT_PRODUCTS_DIR}/nanopb/nanopb.framework",
			);
			name = "[CP] Embed Pods Frameworks";
			outputFileListPaths = (
			);
			outputPaths = (
				"${TARGET_BUILD_DIR}/${FRAMEWORKS_FOLDER_PATH}/GoogleUtilities.framework",
				"${TARGET_BUILD_DIR}/${FRAMEWORKS_FOLDER_PATH}/nanopb.framework",
			);
			runOnlyForDeploymentPostprocessing = 0;
			shellPath = /bin/sh;
			shellScript = "\"${PODS_ROOT}/Target Support Files/Pods-Flawless/Pods-Flawless-frameworks.sh\"\n";
			showEnvVarsInLog = 0;
		};
/* End PBXShellScriptBuildPhase section */

/* Begin PBXSourcesBuildPhase section */
		959D899D20B393B300E17F2E /* Sources */ = {
			isa = PBXSourcesBuildPhase;
			buildActionMask = 2147483647;
			files = (
				7B9050B02243C210000F2FF5 /* GettingStartedViewController.swift in Sources */,
				953958F620C469BE00DD069A /* FSCalendarConstants.m in Sources */,
				7BF2678422C97FA900F92263 /* HomeTableViewCell.swift in Sources */,
				D755BF1720E0040C00FD77F1 /* product.swift in Sources */,
				954D192120C45DA10051AE9A /* statsViewController.swift in Sources */,
				954D191F20C448650051AE9A /* splashViewController.swift in Sources */,
				953958F020C469BE00DD069A /* FSCalendar.m in Sources */,
				953958F120C469BE00DD069A /* FSCalendarAppearance.m in Sources */,
				953958F520C469BE00DD069A /* FSCalendarCollectionViewLayout.m in Sources */,
				953958FC20C469BE00DD069A /* FSCalendarStickyHeader.m in Sources */,
				959D89A720B393B300E17F2E /* homeViewController.swift in Sources */,
				953958F820C469BE00DD069A /* FSCalendarDelegationProxy.m in Sources */,
				7B45EF8D22D23B9500A661F5 /* Rating.swift in Sources */,
				959D89AD20B393B300E17F2E /* thebeautyapp.xcdatamodeld in Sources */,
				7BA0191C21ECB4510078E61B /* newProductViewController.swift in Sources */,
				7BD24D3121F207E500F2CBCE /* ProductTableViewController.swift in Sources */,
				7B723B5221F00D95008605FB /* ProductTableViewCell.swift in Sources */,
				7B279192247A0DEC0038286E /* tabBarViewController.swift in Sources */,
				953958FD20C469BE00DD069A /* FSCalendarTransitionCoordinator.m in Sources */,
				953958F220C469BE00DD069A /* FSCalendarCalculator.m in Sources */,
				953958F420C469BE00DD069A /* FSCalendarCollectionView.m in Sources */,
				953958F920C469BE00DD069A /* FSCalendarExtensions.m in Sources */,
				953958FE20C469BE00DD069A /* FSCalendarWeekdayView.m in Sources */,
				953958EF20C469BE00DD069A /* FSCalendar+Deprecated.m in Sources */,
				953958FB20C469BE00DD069A /* FSCalendarScopeHandle.m in Sources */,
				953958F320C469BE00DD069A /* FSCalendarCell.m in Sources */,
				953958F720C469BE00DD069A /* FSCalendarDelegationFactory.m in Sources */,
				7B3483A52219CB2F004093DB /* UsedActivity.swift in Sources */,
				7B45EF8B22D1527400A661F5 /* RatingControl.swift in Sources */,
				953958FA20C469BE00DD069A /* FSCalendarHeaderView.m in Sources */,
				959D89A520B393B300E17F2E /* AppDelegate.swift in Sources */,
			);
			runOnlyForDeploymentPostprocessing = 0;
		};
		959D89B420B393B500E17F2E /* Sources */ = {
			isa = PBXSourcesBuildPhase;
			buildActionMask = 2147483647;
			files = (
				959D89BD20B393B500E17F2E /* thebeautyappTests.swift in Sources */,
			);
			runOnlyForDeploymentPostprocessing = 0;
		};
		959D89BF20B393B500E17F2E /* Sources */ = {
			isa = PBXSourcesBuildPhase;
			buildActionMask = 2147483647;
			files = (
				959D89C820B393B500E17F2E /* thebeautyappUITests.swift in Sources */,
			);
			runOnlyForDeploymentPostprocessing = 0;
		};
/* End PBXSourcesBuildPhase section */

/* Begin PBXTargetDependency section */
		959D89BA20B393B500E17F2E /* PBXTargetDependency */ = {
			isa = PBXTargetDependency;
			target = 959D89A020B393B300E17F2E /* Flawless */;
			targetProxy = 959D89B920B393B500E17F2E /* PBXContainerItemProxy */;
		};
		959D89C520B393B500E17F2E /* PBXTargetDependency */ = {
			isa = PBXTargetDependency;
			target = 959D89A020B393B300E17F2E /* Flawless */;
			targetProxy = 959D89C420B393B500E17F2E /* PBXContainerItemProxy */;
		};
/* End PBXTargetDependency section */

/* Begin PBXVariantGroup section */
		959D89A820B393B300E17F2E /* Main.storyboard */ = {
			isa = PBXVariantGroup;
			children = (
				959D89A920B393B300E17F2E /* Base */,
			);
			name = Main.storyboard;
			sourceTree = "<group>";
		};
/* End PBXVariantGroup section */

/* Begin XCBuildConfiguration section */
		959D89CA20B393B500E17F2E /* Debug */ = {
			isa = XCBuildConfiguration;
			buildSettings = {
				ALWAYS_SEARCH_USER_PATHS = NO;
				CLANG_ANALYZER_NONNULL = YES;
				CLANG_ANALYZER_NUMBER_OBJECT_CONVERSION = YES_AGGRESSIVE;
				CLANG_CXX_LANGUAGE_STANDARD = "gnu++14";
				CLANG_CXX_LIBRARY = "libc++";
				CLANG_ENABLE_MODULES = YES;
				CLANG_ENABLE_OBJC_ARC = YES;
				CLANG_ENABLE_OBJC_WEAK = YES;
				CLANG_WARN_BLOCK_CAPTURE_AUTORELEASING = YES;
				CLANG_WARN_BOOL_CONVERSION = YES;
				CLANG_WARN_COMMA = YES;
				CLANG_WARN_CONSTANT_CONVERSION = YES;
				CLANG_WARN_DEPRECATED_OBJC_IMPLEMENTATIONS = YES;
				CLANG_WARN_DIRECT_OBJC_ISA_USAGE = YES_ERROR;
				CLANG_WARN_DOCUMENTATION_COMMENTS = YES;
				CLANG_WARN_EMPTY_BODY = YES;
				CLANG_WARN_ENUM_CONVERSION = YES;
				CLANG_WARN_INFINITE_RECURSION = YES;
				CLANG_WARN_INT_CONVERSION = YES;
				CLANG_WARN_NON_LITERAL_NULL_CONVERSION = YES;
				CLANG_WARN_OBJC_IMPLICIT_RETAIN_SELF = YES;
				CLANG_WARN_OBJC_LITERAL_CONVERSION = YES;
				CLANG_WARN_OBJC_ROOT_CLASS = YES_ERROR;
				CLANG_WARN_RANGE_LOOP_ANALYSIS = YES;
				CLANG_WARN_STRICT_PROTOTYPES = YES;
				CLANG_WARN_SUSPICIOUS_MOVE = YES;
				CLANG_WARN_UNGUARDED_AVAILABILITY = YES_AGGRESSIVE;
				CLANG_WARN_UNREACHABLE_CODE = YES;
				CLANG_WARN__DUPLICATE_METHOD_MATCH = YES;
				CODE_SIGN_IDENTITY = "iPhone Developer";
				COPY_PHASE_STRIP = NO;
				DEBUG_INFORMATION_FORMAT = dwarf;
				ENABLE_STRICT_OBJC_MSGSEND = YES;
				ENABLE_TESTABILITY = YES;
				GCC_C_LANGUAGE_STANDARD = gnu11;
				GCC_DYNAMIC_NO_PIC = NO;
				GCC_NO_COMMON_BLOCKS = YES;
				GCC_OPTIMIZATION_LEVEL = 0;
				GCC_PREPROCESSOR_DEFINITIONS = (
					"DEBUG=1",
					"$(inherited)",
				);
				GCC_WARN_64_TO_32_BIT_CONVERSION = YES;
				GCC_WARN_ABOUT_RETURN_TYPE = YES_ERROR;
				GCC_WARN_UNDECLARED_SELECTOR = YES;
				GCC_WARN_UNINITIALIZED_AUTOS = YES_AGGRESSIVE;
				GCC_WARN_UNUSED_FUNCTION = YES;
				GCC_WARN_UNUSED_VARIABLE = YES;
				IPHONEOS_DEPLOYMENT_TARGET = 11.3;
				MTL_ENABLE_DEBUG_INFO = YES;
				ONLY_ACTIVE_ARCH = YES;
				SDKROOT = iphoneos;
				SWIFT_ACTIVE_COMPILATION_CONDITIONS = DEBUG;
				SWIFT_OPTIMIZATION_LEVEL = "-Onone";
			};
			name = Debug;
		};
		959D89CB20B393B500E17F2E /* Release */ = {
			isa = XCBuildConfiguration;
			buildSettings = {
				ALWAYS_SEARCH_USER_PATHS = NO;
				CLANG_ANALYZER_NONNULL = YES;
				CLANG_ANALYZER_NUMBER_OBJECT_CONVERSION = YES_AGGRESSIVE;
				CLANG_CXX_LANGUAGE_STANDARD = "gnu++14";
				CLANG_CXX_LIBRARY = "libc++";
				CLANG_ENABLE_MODULES = YES;
				CLANG_ENABLE_OBJC_ARC = YES;
				CLANG_ENABLE_OBJC_WEAK = YES;
				CLANG_WARN_BLOCK_CAPTURE_AUTORELEASING = YES;
				CLANG_WARN_BOOL_CONVERSION = YES;
				CLANG_WARN_COMMA = YES;
				CLANG_WARN_CONSTANT_CONVERSION = YES;
				CLANG_WARN_DEPRECATED_OBJC_IMPLEMENTATIONS = YES;
				CLANG_WARN_DIRECT_OBJC_ISA_USAGE = YES_ERROR;
				CLANG_WARN_DOCUMENTATION_COMMENTS = YES;
				CLANG_WARN_EMPTY_BODY = YES;
				CLANG_WARN_ENUM_CONVERSION = YES;
				CLANG_WARN_INFINITE_RECURSION = YES;
				CLANG_WARN_INT_CONVERSION = YES;
				CLANG_WARN_NON_LITERAL_NULL_CONVERSION = YES;
				CLANG_WARN_OBJC_IMPLICIT_RETAIN_SELF = YES;
				CLANG_WARN_OBJC_LITERAL_CONVERSION = YES;
				CLANG_WARN_OBJC_ROOT_CLASS = YES_ERROR;
				CLANG_WARN_RANGE_LOOP_ANALYSIS = YES;
				CLANG_WARN_STRICT_PROTOTYPES = YES;
				CLANG_WARN_SUSPICIOUS_MOVE = YES;
				CLANG_WARN_UNGUARDED_AVAILABILITY = YES_AGGRESSIVE;
				CLANG_WARN_UNREACHABLE_CODE = YES;
				CLANG_WARN__DUPLICATE_METHOD_MATCH = YES;
				CODE_SIGN_IDENTITY = "iPhone Developer";
				COPY_PHASE_STRIP = NO;
				DEBUG_INFORMATION_FORMAT = "dwarf-with-dsym";
				ENABLE_NS_ASSERTIONS = NO;
				ENABLE_STRICT_OBJC_MSGSEND = YES;
				GCC_C_LANGUAGE_STANDARD = gnu11;
				GCC_NO_COMMON_BLOCKS = YES;
				GCC_WARN_64_TO_32_BIT_CONVERSION = YES;
				GCC_WARN_ABOUT_RETURN_TYPE = YES_ERROR;
				GCC_WARN_UNDECLARED_SELECTOR = YES;
				GCC_WARN_UNINITIALIZED_AUTOS = YES_AGGRESSIVE;
				GCC_WARN_UNUSED_FUNCTION = YES;
				GCC_WARN_UNUSED_VARIABLE = YES;
				IPHONEOS_DEPLOYMENT_TARGET = 11.3;
				MTL_ENABLE_DEBUG_INFO = NO;
				SDKROOT = iphoneos;
				SWIFT_COMPILATION_MODE = wholemodule;
				SWIFT_OPTIMIZATION_LEVEL = "-O";
				VALIDATE_PRODUCT = YES;
			};
			name = Release;
		};
		959D89CD20B393B500E17F2E /* Debug */ = {
			isa = XCBuildConfiguration;
			baseConfigurationReference = 7D19A54CF3164C081373F3A5 /* Pods-Flawless.debug.xcconfig */;
			buildSettings = {
				ASSETCATALOG_COMPILER_APPICON_NAME = AppIcon;
				CODE_SIGN_STYLE = Automatic;
				DEVELOPMENT_TEAM = 5JJ78NJHCL;
				INFOPLIST_FILE = thebeautyapp/Info.plist;
				LD_RUNPATH_SEARCH_PATHS = (
					"$(inherited)",
					"@executable_path/Frameworks",
				);
				PRODUCT_BUNDLE_IDENTIFIER = gf.thebeautyapp;
				PRODUCT_NAME = "$(TARGET_NAME)";
				SWIFT_OBJC_BRIDGING_HEADER = "thebeautyapp/giraffe_flight-Bridging-Header.h";
				SWIFT_VERSION = 4.2;
				TARGETED_DEVICE_FAMILY = 1;
			};
			name = Debug;
		};
		959D89CE20B393B500E17F2E /* Release */ = {
			isa = XCBuildConfiguration;
			baseConfigurationReference = B627A1E3FD755541C8A08054 /* Pods-Flawless.release.xcconfig */;
			buildSettings = {
				ASSETCATALOG_COMPILER_APPICON_NAME = AppIcon;
				CODE_SIGN_STYLE = Automatic;
				DEVELOPMENT_TEAM = 5JJ78NJHCL;
				INFOPLIST_FILE = thebeautyapp/Info.plist;
				LD_RUNPATH_SEARCH_PATHS = (
					"$(inherited)",
					"@executable_path/Frameworks",
				);
				PRODUCT_BUNDLE_IDENTIFIER = gf.thebeautyapp;
				PRODUCT_NAME = "$(TARGET_NAME)";
				SWIFT_OBJC_BRIDGING_HEADER = "thebeautyapp/giraffe_flight-Bridging-Header.h";
				SWIFT_VERSION = 4.2;
				TARGETED_DEVICE_FAMILY = 1;
			};
			name = Release;
		};
		959D89D020B393B500E17F2E /* Debug */ = {
			isa = XCBuildConfiguration;
			baseConfigurationReference = B97E231AEBEBC7A8FA618076 /* Pods-FlawlessTests.debug.xcconfig */;
			buildSettings = {
				ALWAYS_EMBED_SWIFT_STANDARD_LIBRARIES = YES;
				BUNDLE_LOADER = "$(TEST_HOST)";
				CODE_SIGN_STYLE = Automatic;
				INFOPLIST_FILE = thebeautyappTests/Info.plist;
				LD_RUNPATH_SEARCH_PATHS = (
					"$(inherited)",
					"@executable_path/Frameworks",
					"@loader_path/Frameworks",
				);
				PRODUCT_BUNDLE_IDENTIFIER = gf.thebeautyappTests;
				PRODUCT_NAME = "$(TARGET_NAME)";
				SWIFT_VERSION = 4.2;
				TARGETED_DEVICE_FAMILY = "1,2";
				TEST_HOST = "$(BUILT_PRODUCTS_DIR)/Flawless.app/Flawless";
			};
			name = Debug;
		};
		959D89D120B393B500E17F2E /* Release */ = {
			isa = XCBuildConfiguration;
			baseConfigurationReference = 302E9339782EAE2D916B49D3 /* Pods-FlawlessTests.release.xcconfig */;
			buildSettings = {
				ALWAYS_EMBED_SWIFT_STANDARD_LIBRARIES = YES;
				BUNDLE_LOADER = "$(TEST_HOST)";
				CODE_SIGN_STYLE = Automatic;
				INFOPLIST_FILE = thebeautyappTests/Info.plist;
				LD_RUNPATH_SEARCH_PATHS = (
					"$(inherited)",
					"@executable_path/Frameworks",
					"@loader_path/Frameworks",
				);
				PRODUCT_BUNDLE_IDENTIFIER = gf.thebeautyappTests;
				PRODUCT_NAME = "$(TARGET_NAME)";
				SWIFT_VERSION = 4.2;
				TARGETED_DEVICE_FAMILY = "1,2";
				TEST_HOST = "$(BUILT_PRODUCTS_DIR)/Flawless.app/Flawless";
			};
			name = Release;
		};
		959D89D320B393B500E17F2E /* Debug */ = {
			isa = XCBuildConfiguration;
			baseConfigurationReference = EF0D1B696FAB23FF67FD808E /* Pods-FlawlessUITests.debug.xcconfig */;
			buildSettings = {
				ALWAYS_EMBED_SWIFT_STANDARD_LIBRARIES = YES;
				CODE_SIGN_STYLE = Automatic;
				INFOPLIST_FILE = thebeautyappUITests/Info.plist;
				LD_RUNPATH_SEARCH_PATHS = (
					"$(inherited)",
					"@executable_path/Frameworks",
					"@loader_path/Frameworks",
				);
				PRODUCT_BUNDLE_IDENTIFIER = gf.thebeautyappUITests;
				PRODUCT_NAME = "$(TARGET_NAME)";
				SWIFT_VERSION = 4.2;
				TARGETED_DEVICE_FAMILY = "1,2";
				TEST_TARGET_NAME = thebeautyapp;
			};
			name = Debug;
		};
		959D89D420B393B500E17F2E /* Release */ = {
			isa = XCBuildConfiguration;
			baseConfigurationReference = 9D435A0E6FE78E449D276C10 /* Pods-FlawlessUITests.release.xcconfig */;
			buildSettings = {
				ALWAYS_EMBED_SWIFT_STANDARD_LIBRARIES = YES;
				CODE_SIGN_STYLE = Automatic;
				INFOPLIST_FILE = thebeautyappUITests/Info.plist;
				LD_RUNPATH_SEARCH_PATHS = (
					"$(inherited)",
					"@executable_path/Frameworks",
					"@loader_path/Frameworks",
				);
				PRODUCT_BUNDLE_IDENTIFIER = gf.thebeautyappUITests;
				PRODUCT_NAME = "$(TARGET_NAME)";
				SWIFT_VERSION = 4.2;
				TARGETED_DEVICE_FAMILY = "1,2";
				TEST_TARGET_NAME = thebeautyapp;
			};
			name = Release;
		};
/* End XCBuildConfiguration section */

/* Begin XCConfigurationList section */
		959D899C20B393B300E17F2E /* Build configuration list for PBXProject "Flawless" */ = {
			isa = XCConfigurationList;
			buildConfigurations = (
				959D89CA20B393B500E17F2E /* Debug */,
				959D89CB20B393B500E17F2E /* Release */,
			);
			defaultConfigurationIsVisible = 0;
			defaultConfigurationName = Release;
		};
		959D89CC20B393B500E17F2E /* Build configuration list for PBXNativeTarget "Flawless" */ = {
			isa = XCConfigurationList;
			buildConfigurations = (
				959D89CD20B393B500E17F2E /* Debug */,
				959D89CE20B393B500E17F2E /* Release */,
			);
			defaultConfigurationIsVisible = 0;
			defaultConfigurationName = Release;
		};
		959D89CF20B393B500E17F2E /* Build configuration list for PBXNativeTarget "FlawlessTests" */ = {
			isa = XCConfigurationList;
			buildConfigurations = (
				959D89D020B393B500E17F2E /* Debug */,
				959D89D120B393B500E17F2E /* Release */,
			);
			defaultConfigurationIsVisible = 0;
			defaultConfigurationName = Release;
		};
		959D89D220B393B500E17F2E /* Build configuration list for PBXNativeTarget "FlawlessUITests" */ = {
			isa = XCConfigurationList;
			buildConfigurations = (
				959D89D320B393B500E17F2E /* Debug */,
				959D89D420B393B500E17F2E /* Release */,
			);
			defaultConfigurationIsVisible = 0;
			defaultConfigurationName = Release;
		};
/* End XCConfigurationList section */

/* Begin XCVersionGroup section */
		959D89AB20B393B300E17F2E /* thebeautyapp.xcdatamodeld */ = {
			isa = XCVersionGroup;
			children = (
				959D89AC20B393B300E17F2E /* thebeautyapp.xcdatamodel */,
			);
			currentVersion = 959D89AC20B393B300E17F2E /* thebeautyapp.xcdatamodel */;
			path = thebeautyapp.xcdatamodeld;
			sourceTree = "<group>";
			versionGroupType = wrapper.xcdatamodel;
		};
/* End XCVersionGroup section */
	};
	rootObject = 959D899920B393B300E17F2E /* Project object */;
}
